
Microsoft Visual Studio Solution File, Format Version 12.00
Project("{FAE04EC0-301F-11D3-BF4B-00C04F79EFBC}") = "Database.Interative.Demo", "Database.Interative.Demo\Database.Interative.Demo.csproj", "{76FE8057-00E3-432D-AF11-5F9D4580CCCE}"
EndProject
Project("{FAE04EC0-301F-11D3-BF4B-00C04F79EFBC}") = "Database.Interactive", "Database.Interactive\Database.Interactive.csproj", "{AA133304-8465-462D-ADA9-3E8E683D73FF}"
EndProject
Project("{FAE04EC0-301F-11D3-BF4B-00C04F79EFBC}") = "Data.StackOverflow", "Data.StackOverflow\Data.StackOverflow.csproj", "{08A64542-2FED-4861-85CC-0641C01F4372}"
EndProject
Project("{FAE04EC0-301F-11D3-BF4B-00C04F79EFBC}") = "Database.Core", "Database.Core\Database.Core.csproj", "{DA37E272-FED8-4388-9C10-92BAC56F1C54}"
EndProject
Project("{2150E333-8FDC-42A3-9474-1A3956D46DE8}") = "SolutionFolder", "SolutionFolder", "{51095561-BAF7-41AF-A661-30D5232087AB}"
ProjectSection(SolutionItems) = preProject
	.gitignore = .gitignore
EndProjectSection
EndProject
Global
	GlobalSection(SolutionConfigurationPlatforms) = preSolution
		Debug|Any CPU = Debug|Any CPU
		Release|Any CPU = Release|Any CPU
	EndGlobalSection
	GlobalSection(ProjectConfigurationPlatforms) = postSolution
		{76FE8057-00E3-432D-AF11-5F9D4580CCCE}.Debug|Any CPU.ActiveCfg = Debug|Any CPU
		{76FE8057-00E3-432D-AF11-5F9D4580CCCE}.Debug|Any CPU.Build.0 = Debug|Any CPU
		{76FE8057-00E3-432D-AF11-5F9D4580CCCE}.Release|Any CPU.ActiveCfg = Release|Any CPU
		{76FE8057-00E3-432D-AF11-5F9D4580CCCE}.Release|Any CPU.Build.0 = Release|Any CPU
		{AA133304-8465-462D-ADA9-3E8E683D73FF}.Debug|Any CPU.ActiveCfg = Debug|Any CPU
		{AA133304-8465-462D-ADA9-3E8E683D73FF}.Debug|Any CPU.Build.0 = Debug|Any CPU
		{AA133304-8465-462D-ADA9-3E8E683D73FF}.Release|Any CPU.ActiveCfg = Release|Any CPU
		{AA133304-8465-462D-ADA9-3E8E683D73FF}.Release|Any CPU.Build.0 = Release|Any CPU
		{08A64542-2FED-4861-85CC-0641C01F4372}.Debug|Any CPU.ActiveCfg = Debug|Any CPU
		{08A64542-2FED-4861-85CC-0641C01F4372}.Debug|Any CPU.Build.0 = Debug|Any CPU
		{08A64542-2FED-4861-85CC-0641C01F4372}.Release|Any CPU.ActiveCfg = Release|Any CPU
		{08A64542-2FED-4861-85CC-0641C01F4372}.Release|Any CPU.Build.0 = Release|Any CPU
		{DA37E272-FED8-4388-9C10-92BAC56F1C54}.Debug|Any CPU.ActiveCfg = Debug|Any CPU
		{DA37E272-FED8-4388-9C10-92BAC56F1C54}.Debug|Any CPU.Build.0 = Debug|Any CPU
		{DA37E272-FED8-4388-9C10-92BAC56F1C54}.Release|Any CPU.ActiveCfg = Release|Any CPU
		{DA37E272-FED8-4388-9C10-92BAC56F1C54}.Release|Any CPU.Build.0 = Release|Any CPU
	EndGlobalSection
	GlobalSection(NestedProjects) = preSolution
	EndGlobalSection
EndGlobal
